{
  "nodes": {
    "concat": {
      "inputs": {
        "nixpkgs": [
          "nixpkgs"
        ]
      },
      "locked": {
        "lastModified": 1790633795,
        "narHash": "sha256-pMN+bJ3RfVUtVqPV0PMeR1qQ28oPkRnwEAiQ6rIvsZ8=",
        "owner": "jub0t",
        "repo": "Concat",
        "rev": "a262553bedbd1b5ef9dc6a00a830b49ae253503a",
        "type": "github"
      },
      "original": {
        "owner": "jub0t",
        "repo": "Concat",
        "type": "github"
      }
    },
    "home-manager": {
      "inputs": {
        "nixpkgs": [
          "nixpkgs"
        ]
      },
      "locked": {
        "lastModified": 1790742230,
        "narHash": "sha256-5399J1/O3DyLSsYGVa950JtOUDB9Reqvy7FhfDuTVzk=",
        "owner": "nix-community",
        "repo": "home-manager",
        "rev": "0aefa652eb6fd8b7396af25e8c81cb0790f12cc2",
        "type": "github"
      },
      "original": {
        "owner": "nix-community",
        "repo": "home-manager",
        "type": "github"
      }
    },
    "nixpkgs": {
      "locked": {
        "lastModified": 1790578696,
        "narHash": "sha256-ZoxIApko70jCdbH3l20HWXOBaT2HZd87orzd2yJ9dVE=",
        "owner": "NixOS",
        "repo": "nixpkgs",
        "rev": "7a0f122f5090cf4c2ade2a13a0e229d4e19ba71f",
        "type": "github"
      },
      "original": {
        "owner": "NixOS",
        "ref": "nixos-unstable",
        "repo": "nixpkgs",
        "type": "github"
      }
    },
    "root": {
      "inputs": {
        "concat": "concat",
        "home-manager": "home-manager",
        "nixpkgs": "nixpkgs",
        "sidra": "sidra",
        "sing-box-ref1nd": "sing-box-ref1nd",
        "sops-nix": "sops-nix"
      }
    },
    "sidra": {
      "inputs": {
        "nixpkgs": [
          "nixpkgs"
        ]
      },
      "locked": {
        "lastModified": 1789899222,
        "narHash": "sha256-B00sDpFqhTYuVQIesCdR7GeYJFNogz5U1VmJlSEJnmc=",
        "owner": "wimpysworld",
        "repo": "sidra",
        "rev": "ebba6a85eadd15de9d324503b012f84bf5eaf4ce",
        "type": "github"
      },
      "original": {
        "owner": "wimpysworld",
        "repo": "sidra",
        "type": "github"
      }
    },
    "sing-box-ref1nd": {
      "flake": false,
      "locked": {
        "lastModified": 1790360851,
        "narHash": "sha256-BTNvucokatGoAWtOWhRZadGZG4AWBmJSw8ThSdFDs0s=",
        "owner": "reF1nd",
        "repo": "sing-box",
        "rev": "7c1ffd271cbc84fed23eaabdcd7e1cefb42a778e",
        "type": "github"
      },
      "original": {
        "owner": "reF1nd",
        "ref": "v1.14.2-reF1nd",
        "repo": "sing-box",
        "type": "github"
      }
    },
    "sops-nix": {
      "inputs": {
        "nixpkgs": [
          "nixpkgs"
        ]
      },
      "locked": {
        "lastModified": 1790498116,
        "narHash": "sha256-rs9meAYxW3zzrh43yaW7htrqCD+X9+pupDPHN86fumI=",
        "owner": "Mic92",
        "repo": "sops-nix",
        "rev": "5efb5a6f4f5ab192817d28557dd4d650fa14d866",
        "type": "github"
      },
      "original": {
        "owner": "Mic92",
        "repo": "sops-nix",
        "type": "github"
      }
    }
  },
  "root": "root",
  "version": 7
}
